
Microsoft Visual Studio Solution File, Format Version 12.00
# Visual Studio Version 17
VisualStudioVersion = 17.3.32819.101
MinimumVisualStudioVersion = 10.0.40219.1
Project("{FAE04EC0-301F-11D3-BF4B-00C04F79EFBC}") = "18247Zadatak1", "18247Zadatak1\18247Zadatak1.csproj", "{F52438FE-3195-4B6D-9A13-64F5EE0D9ACF}"
EndProject
Global
	GlobalSection(SolutionConfigurationPlatforms) = preSolution
		Debug|Any CPU = Debug|Any CPU
		Release|Any CPU = Release|Any CPU
	EndGlobalSection
	GlobalSection(ProjectConfigurationPlatforms) = postSolution
		{F52438FE-3195-4B6D-9A13-64F5EE0D9ACF}.Debug|Any CPU.ActiveCfg = Debug|Any CPU
		{F52438FE-3195-4B6D-9A13-64F5EE0D9ACF}.Debug|Any CPU.Build.0 = Debug|Any CPU
		{F52438FE-3195-4B6D-9A13-64F5EE0D9ACF}.Release|Any CPU.ActiveCfg = Release|Any CPU
		{F52438FE-3195-4B6D-9A13-64F5EE0D9ACF}.Release|Any CPU.Build.0 = Release|Any CPU
	EndGlobalSection
	GlobalSection(SolutionProperties) = preSolution
		HideSolutionNode = FALSE
	EndGlobalSection
	GlobalSection(ExtensibilityGlobals) = postSolution
		SolutionGuid = {58012F58-B7E5-40AA-BB8B-CD6C6FF291B6}
	EndGlobalSection
EndGlobal
